
Microsoft Visual Studio Solution File, Format Version 12.00
# Visual Studio 15
VisualStudioVersion = 15.0.27703.2047
MinimumVisualStudioVersion = 10.0.40219.1
Project("{FAE04EC0-301F-11D3-BF4B-00C04F79EFBC}") = "RecipesNg6", "RecipesNg6\RecipesNg6.csproj", "{0AA3052A-9616-44C7-9EF9-F57DE2691A5D}"
EndProject
Global
	GlobalSection(SolutionConfigurationPlatforms) = preSolution
		Debug|Any CPU = Debug|Any CPU
		Release|Any CPU = Release|Any CPU
	EndGlobalSection
	GlobalSection(ProjectConfigurationPlatforms) = postSolution
		{0AA3052A-9616-44C7-9EF9-F57DE2691A5D}.Debug|Any CPU.ActiveCfg = Debug|Any CPU
		{0AA3052A-9616-44C7-9EF9-F57DE2691A5D}.Debug|Any CPU.Build.0 = Debug|Any CPU
		{0AA3052A-9616-44C7-9EF9-F57DE2691A5D}.Release|Any CPU.ActiveCfg = Release|Any CPU
		{0AA3052A-9616-44C7-9EF9-F57DE2691A5D}.Release|Any CPU.Build.0 = Release|Any CPU
	EndGlobalSection
	GlobalSection(SolutionProperties) = preSolution
		HideSolutionNode = FALSE
	EndGlobalSection
	GlobalSection(ExtensibilityGlobals) = postSolution
		SolutionGuid = {568DC8C8-AEF0-4D5F-9C16-CE4E7C4CF7E8}
	EndGlobalSection
EndGlobal
